// !$*UTF8*$!
{
	archiveVersion = 1;
	classes = {
	};
	objectVersion = 50;
	objects = {

/* Begin PBXBuildFile section */
		84813CB72419F3C2001C8E6C /* AppDelegate.swift in Sources */ = {isa = PBXBuildFile; fileRef = 84813CB62419F3C2001C8E6C /* AppDelegate.swift */; };
		84813CB92419F3C2001C8E6C /* SceneDelegate.swift in Sources */ = {isa = PBXBuildFile; fileRef = 84813CB82419F3C2001C8E6C /* SceneDelegate.swift */; };
		84813CBB2419F3C2001C8E6C /* ContentView.swift in Sources */ = {isa = PBXBuildFile; fileRef = 84813CBA2419F3C2001C8E6C /* ContentView.swift */; };
		84813CBD2419F3C4001C8E6C /* Assets.xcassets in Resources */ = {isa = PBXBuildFile; fileRef = 84813CBC2419F3C4001C8E6C /* Assets.xcassets */; };
		84813CC02419F3C4001C8E6C /* Preview Assets.xcassets in Resources */ = {isa = PBXBuildFile; fileRef = 84813CBF2419F3C4001C8E6C /* Preview Assets.xcassets */; };
		84813CC32419F3C4001C8E6C /* LaunchScreen.storyboard in Resources */ = {isa = PBXBuildFile; fileRef = 84813CC12419F3C4001C8E6C /* LaunchScreen.storyboard */; };
/* End PBXBuildFile section */

/* Begin PBXFileReference section */
		84813CB32419F3C2001C8E6C /* Notifications.app */ = {isa = PBXFileReference; explicitFileType = wrapper.application; includeInIndex = 0; path = Notifications.app; sourceTree = BUILT_PRODUCTS_DIR; };
		84813CB62419F3C2001C8E6C /* AppDelegate.swift */ = {isa = PBXFileReference; lastKnownFileType = sourcecode.swift; path = AppDelegate.swift; sourceTree = "<group>"; };
		84813CB82419F3C2001C8E6C /* SceneDelegate.swift */ = {isa = PBXFileReference; lastKnownFileType = sourcecode.swift; path = SceneDelegate.swift; sourceTree = "<group>"; };
		84813CBA2419F3C2001C8E6C /* ContentView.swift */ = {isa = PBXFileReference; lastKnownFileType = sourcecode.swift; path = ContentView.swift; sourceTree = "<group>"; };
		84813CBC2419F3C4001C8E6C /* Assets.xcassets */ = {isa = PBXFileReference; lastKnownFileType = folder.assetcatalog; path = Assets.xcassets; sourceTree = "<group>"; };
		84813CBF2419F3C4001C8E6C /* Preview Assets.xcassets */ = {isa = PBXFileReference; lastKnownFileType = folder.assetcatalog; path = "Preview Assets.xcassets"; sourceTree = "<group>"; };
		84813CC22419F3C4001C8E6C /* Base */ = {isa = PBXFileReference; lastKnownFileType = file.storyboard; name = Base; path = Base.lproj/LaunchScreen.storyboard; sourceTree = "<group>"; };
		84813CC42419F3C4001C8E6C /* Info.plist */ = {isa = PBXFileReference; lastKnownFileType = text.plist.xml; path = Info.plist; sourceTree = "<group>"; };
/* End PBXFileReference section */

/* Begin PBXFrameworksBuildPhase section */
		84813CB02419F3C2001C8E6C /* Frameworks */ = {
			isa = PBXFrameworksBuildPhase;
			buildActionMask = 2147483647;
			files = (
			);
			runOnlyForDeploymentPostprocessing = 0;
		};
/* End PBXFrameworksBuildPhase section */

/* Begin PBXGroup section */
		84813CAA2419F3C2001C8E6C = {
			isa = PBXGroup;
			children = (
				84813CB52419F3C2001C8E6C /* Notifications */,
				84813CB42419F3C2001C8E6C /* Products */,
			);
			sourceTree = "<group>";
		};
		84813CB42419F3C2001C8E6C /* Products */ = {
			isa = PBXGroup;
			children = (
				84813CB32419F3C2001C8E6C /* Notifications.app */,
			);
			name = Products;
			sourceTree = "<group>";
		};
		84813CB52419F3C2001C8E6C /* Notifications */ = {
			isa = PBXGroup;
			children = (
				84813CB62419F3C2001C8E6C /* AppDelegate.swift */,
				84813CB82419F3C2001C8E6C /* SceneDelegate.swift */,
				84813CBA2419F3C2001C8E6C /* ContentView.swift */,
				84813CBC2419F3C4001C8E6C /* Assets.xcassets */,
				84813CC12419F3C4001C8E6C /* LaunchScreen.storyboard */,
				84813CC42419F3C4001C8E6C /* Info.plist */,
				84813CBE2419F3C4001C8E6C /* Preview Content */,
			);
			path = Notifications;
			sourceTree = "<group>";
		};
		84813CBE2419F3C4001C8E6C /* Preview Content */ = {
			isa = PBXGroup;
			children = (
				84813CBF2419F3C4001C8E6C /* Preview Assets.xcassets */,
			);
			path = "Preview Content";
			sourceTree = "<group>";
		};
/* End PBXGroup section */

/* Begin PBXNativeTarget section */
		84813CB22419F3C2001C8E6C /* Notifications */ = {
			isa = PBXNativeTarget;
			buildConfigurationList = 84813CC72419F3C4001C8E6C /* Build configuration list for PBXNativeTarget "Notifications" */;
			buildPhases = (
				84813CAF2419F3C2001C8E6C /* Sources */,
				84813CB02419F3C2001C8E6C /* Frameworks */,
				84813CB12419F3C2001C8E6C /* Resources */,
			);
			buildRules = (
			);
			dependencies = (
			);
			name = Notifications;
			productName = Notifications;
			productReference = 84813CB32419F3C2001C8E6C /* Notifications.app */;
			productType = "com.apple.product-type.application";
		};
/* End PBXNativeTarget section */

/* Begin PBXProject section */
		84813CAB2419F3C2001C8E6C /* Project object */ = {
			isa = PBXProject;
			attributes = {
				LastSwiftUpdateCheck = 1130;
				LastUpgradeCheck = 1130;
				ORGANIZATIONNAME = usuario;
				TargetAttributes = {
					84813CB22419F3C2001C8E6C = {
						CreatedOnToolsVersion = 11.3.1;
					};
				};
			};
			buildConfigurationList = 84813CAE2419F3C2001C8E6C /* Build configuration list for PBXProject "Notifications" */;
			compatibilityVersion = "Xcode 9.3";
			developmentRegion = en;
			hasScannedForEncodings = 0;
			knownRegions = (
				en,
				Base,
			);
			mainGroup = 84813CAA2419F3C2001C8E6C;
			productRefGroup = 84813CB42419F3C2001C8E6C /* Products */;
			projectDirPath = "";
			projectRoot = "";
			targets = (
				84813CB22419F3C2001C8E6C /* Notifications */,
			);
		};
/* End PBXProject section */

/* Begin PBXResourcesBuildPhase section */
		84813CB12419F3C2001C8E6C /* Resources */ = {
			isa = PBXResourcesBuildPhase;
			buildActionMask = 2147483647;
			files = (
				84813CC32419F3C4001C8E6C /* LaunchScreen.storyboard in Resources */,
				84813CC02419F3C4001C8E6C /* Preview Assets.xcassets in Resources */,
				84813CBD2419F3C4001C8E6C /* Assets.xcassets in Resources */,
			);
			runOnlyForDeploymentPostprocessing = 0;
		};
/* End PBXResourcesBuildPhase section */

/* Begin PBXSourcesBuildPhase section */
		84813CAF2419F3C2001C8E6C /* Sources */ = {
			isa = PBXSourcesBuildPhase;
			buildActionMask = 2147483647;
			files = (
				84813CB72419F3C2001C8E6C /* AppDelegate.swift in Sources */,
				84813CB92419F3C2001C8E6C /* SceneDelegate.swift in Sources */,
				84813CBB2419F3C2001C8E6C /* ContentView.swift in Sources */,
			);
			runOnlyForDeploymentPostprocessing = 0;
		};
/* End PBXSourcesBuildPhase section */

/* Begin PBXVariantGroup section */
		84813CC12419F3C4001C8E6C /* LaunchScreen.storyboard */ = {
			isa = PBXVariantGroup;
			children = (
				84813CC22419F3C4001C8E6C /* Base */,
			);
			name = LaunchScreen.storyboard;
			sourceTree = "<group>";
		};
/* End PBXVariantGroup section */

/* Begin XCBuildConfiguration section */
		84813CC52419F3C4001C8E6C /* Debug */ = {
			isa = XCBuildConfiguration;
			buildSettings = {
				ALWAYS_SEARCH_USER_PATHS = NO;
				CLANG_ANALYZER_NONNULL = YES;
				CLANG_ANALYZER_NUMBER_OBJECT_CONVERSION = YES_AGGRESSIVE;
				CLANG_CXX_LANGUAGE_STANDARD = "gnu++14";
				CLANG_CXX_LIBRARY = "libc++";
				CLANG_ENABLE_MODULES = YES;
				CLANG_ENABLE_OBJC_ARC = YES;
				CLANG_ENABLE_OBJC_WEAK = YES;
				CLANG_WARN_BLOCK_CAPTURE_AUTORELEASING = YES;
				CLANG_WARN_BOOL_CONVERSION = YES;
				CLANG_WARN_COMMA = YES;
				CLANG_WARN_CONSTANT_CONVERSION = YES;
				CLANG_WARN_DEPRECATED_OBJC_IMPLEMENTATIONS = YES;
				CLANG_WARN_DIRECT_OBJC_ISA_USAGE = YES_ERROR;
				CLANG_WARN_DOCUMENTATION_COMMENTS = YES;
				CLANG_WARN_EMPTY_BODY = YES;
				CLANG_WARN_ENUM_CONVERSION = YES;
				CLANG_WARN_INFINITE_RECURSION = YES;
				CLANG_WARN_INT_CONVERSION = YES;
				CLANG_WARN_NON_LITERAL_NULL_CONVERSION = YES;
				CLANG_WARN_OBJC_IMPLICIT_RETAIN_SELF = YES;
				CLANG_WARN_OBJC_LITERAL_CONVERSION = YES;
				CLANG_WARN_OBJC_ROOT_CLASS = YES_ERROR;
				CLANG_WARN_RANGE_LOOP_ANALYSIS = YES;
				CLANG_WARN_STRICT_PROTOTYPES = YES;
				CLANG_WARN_SUSPICIOUS_MOVE = YES;
				CLANG_WARN_UNGUARDED_AVAILABILITY = YES_AGGRESSIVE;
				CLANG_WARN_UNREACHABLE_CODE = YES;
				CLANG_WARN__DUPLICATE_METHOD_MATCH = YES;
				COPY_PHASE_STRIP = NO;
				DEBUG_INFORMATION_FORMAT = dwarf;
				ENABLE_STRICT_OBJC_MSGSEND = YES;
				ENABLE_TESTABILITY = YES;
				GCC_C_LANGUAGE_STANDARD = gnu11;
				GCC_DYNAMIC_NO_PIC = NO;
				GCC_NO_COMMON_BLOCKS = YES;
				GCC_OPTIMIZATION_LEVEL = 0;
				GCC_PREPROCESSOR_DEFINITIONS = (
					"DEBUG=1",
					"$(inherited)",
				);
				GCC_WARN_64_TO_32_BIT_CONVERSION = YES;
				GCC_WARN_ABOUT_RETURN_TYPE = YES_ERROR;
				GCC_WARN_UNDECLARED_SELECTOR = YES;
				GCC_WARN_UNINITIALIZED_AUTOS = YES_AGGRESSIVE;
				GCC_WARN_UNUSED_FUNCTION = YES;
				GCC_WARN_UNUSED_VARIABLE = YES;
				IPHONEOS_DEPLOYMENT_TARGET = 13.2;
				MTL_ENABLE_DEBUG_INFO = INCLUDE_SOURCE;
				MTL_FAST_MATH = YES;
				ONLY_ACTIVE_ARCH = YES;
				SDKROOT = iphoneos;
				SWIFT_ACTIVE_COMPILATION_CONDITIONS = DEBUG;
				SWIFT_OPTIMIZATION_LEVEL = "-Onone";
			};
			name = Debug;
		};
		84813CC62419F3C4001C8E6C /* Release */ = {
			isa = XCBuildConfiguration;
			buildSettings = {
				ALWAYS_SEARCH_USER_PATHS = NO;
				CLANG_ANALYZER_NONNULL = YES;
				CLANG_ANALYZER_NUMBER_OBJECT_CONVERSION = YES_AGGRESSIVE;
				CLANG_CXX_LANGUAGE_STANDARD = "gnu++14";
				CLANG_CXX_LIBRARY = "libc++";
				CLANG_ENABLE_MODULES = YES;
				CLANG_ENABLE_OBJC_ARC = YES;
				CLANG_ENABLE_OBJC_WEAK = YES;
				CLANG_WARN_BLOCK_CAPTURE_AUTORELEASING = YES;
				CLANG_WARN_BOOL_CONVERSION = YES;
				CLANG_WARN_COMMA = YES;
				CLANG_WARN_CONSTANT_CONVERSION = YES;
				CLANG_WARN_DEPRECATED_OBJC_IMPLEMENTATIONS = YES;
				CLANG_WARN_DIRECT_OBJC_ISA_USAGE = YES_ERROR;
				CLANG_WARN_DOCUMENTATION_COMMENTS = YES;
				CLANG_WARN_EMPTY_BODY = YES;
				CLANG_WARN_ENUM_CONVERSION = YES;
				CLANG_WARN_INFINITE_RECURSION = YES;
				CLANG_WARN_INT_CONVERSION = YES;
				CLANG_WARN_NON_LITERAL_NULL_CONVERSION = YES;
				CLANG_WARN_OBJC_IMPLICIT_RETAIN_SELF = YES;
				CLANG_WARN_OBJC_LITERAL_CONVERSION = YES;
				CLANG_WARN_OBJC_ROOT_CLASS = YES_ERROR;
				CLANG_WARN_RANGE_LOOP_ANALYSIS = YES;
				CLANG_WARN_STRICT_PROTOTYPES = YES;
				CLANG_WARN_SUSPICIOUS_MOVE = YES;
				CLANG_WARN_UNGUARDED_AVAILABILITY = YES_AGGRESSIVE;
				CLANG_WARN_UNREACHABLE_CODE = YES;
				CLANG_WARN__DUPLICATE_METHOD_MATCH = YES;
				COPY_PHASE_STRIP = NO;
				DEBUG_INFORMATION_FORMAT = "dwarf-with-dsym";
				ENABLE_NS_ASSERTIONS = NO;
				ENABLE_STRICT_OBJC_MSGSEND = YES;
				GCC_C_LANGUAGE_STANDARD = gnu11;
				GCC_NO_COMMON_BLOCKS = YES;
				GCC_WARN_64_TO_32_BIT_CONVERSION = YES;
				GCC_WARN_ABOUT_RETURN_TYPE = YES_ERROR;
				GCC_WARN_UNDECLARED_SELECTOR = YES;
				GCC_WARN_UNINITIALIZED_AUTOS = YES_AGGRESSIVE;
				GCC_WARN_UNUSED_FUNCTION = YES;
				GCC_WARN_UNUSED_VARIABLE = YES;
				IPHONEOS_DEPLOYMENT_TARGET = 13.2;
				MTL_ENABLE_DEBUG_INFO = NO;
				MTL_FAST_MATH = YES;
				SDKROOT = iphoneos;
				SWIFT_COMPILATION_MODE = wholemodule;
				SWIFT_OPTIMIZATION_LEVEL = "-O";
				VALIDATE_PRODUCT = YES;
			};
			name = Release;
		};
		84813CC82419F3C4001C8E6C /* Debug */ = {
			isa = XCBuildConfiguration;
			buildSettings = {
				ASSETCATALOG_COMPILER_APPICON_NAME = AppIcon;
				CODE_SIGN_STYLE = Automatic;
				DEVELOPMENT_ASSET_PATHS = "\"Notifications/Preview Content\"";
				ENABLE_PREVIEWS = YES;
				INFOPLIST_FILE = Notifications/Info.plist;
				LD_RUNPATH_SEARCH_PATHS = (
					"$(inherited)",
					"@executable_path/Frameworks",
				);
				PRODUCT_BUNDLE_IDENTIFIER = mx.edu.delasalle.Notifications;
				PRODUCT_NAME = "$(TARGET_NAME)";
				SWIFT_VERSION = 5.0;
				TARGETED_DEVICE_FAMILY = "1,2";
			};
			name = Debug;
		};
		84813CC92419F3C4001C8E6C /* Release */ = {
			isa = XCBuildConfiguration;
			buildSettings = {
				ASSETCATALOG_COMPILER_APPICON_NAME = AppIcon;
				CODE_SIGN_STYLE = Automatic;
				DEVELOPMENT_ASSET_PATHS = "\"Notifications/Preview Content\"";
				ENABLE_PREVIEWS = YES;
				INFOPLIST_FILE = Notifications/Info.plist;
				LD_RUNPATH_SEARCH_PATHS = (
					"$(inherited)",
					"@executable_path/Frameworks",
				);
				PRODUCT_BUNDLE_IDENTIFIER = mx.edu.delasalle.Notifications;
				PRODUCT_NAME = "$(TARGET_NAME)";
				SWIFT_VERSION = 5.0;
				TARGETED_DEVICE_FAMILY = "1,2";
			};
			name = Release;
		};
/* End XCBuildConfiguration section */

/* Begin XCConfigurationList section */
		84813CAE2419F3C2001C8E6C /* Build configuration list for PBXProject "Notifications" */ = {
			isa = XCConfigurationList;
			buildConfigurations = (
				84813CC52419F3C4001C8E6C /* Debug */,
				84813CC62419F3C4001C8E6C /* Release */,
			);
			defaultConfigurationIsVisible = 0;
			defaultConfigurationName = Release;
		};
		84813CC72419F3C4001C8E6C /* Build configuration list for PBXNativeTarget "Notifications" */ = {
			isa = XCConfigurationList;
			buildConfigurations = (
				84813CC82419F3C4001C8E6C /* Debug */,
				84813CC92419F3C4001C8E6C /* Release */,
			);
			defaultConfigurationIsVisible = 0;
			defaultConfigurationName = Release;
		};
/* End XCConfigurationList section */
	};
	rootObject = 84813CAB2419F3C2001C8E6C /* Project object */;
}
